{
    "_readme": [
        "This file locks the dependencies of your project to a known state",
        "Read more about it at https://getcomposer.org/doc/01-basic-usage.md#installing-dependencies",
        "This file is @generated automatically"
    ],
    "content-hash": "c0aff57ccbb105829fdafc2509ecb7a9",
    "packages": [
        {
            "name": "enshrined/svg-sanitize",
            "version": "0.22.0",
            "source": {
                "type": "git",
                "url": "https://github.com/darylldoyle/svg-sanitizer.git",
                "reference": "0afa95ea74be155a7bcd6c6fb60c276c39984500"
            },
            "dist": {
                "type": "zip",
                "url": "https://api.github.com/repos/darylldoyle/svg-sanitizer/zipball/0afa95ea74be155a7bcd6c6fb60c276c39984500",
                "reference": "0afa95ea74be155a7bcd6c6fb60c276c39984500",
                "shasum": ""
            },
            "require": {
                "ext-dom": "*",
                "ext-libxml": "*",
                "php": "^7.1 || ^8.0"
            },
            "require-dev": {
                "phpunit/phpunit": "^6.5 || ^8.5"
            },
            "type": "library",
            "autoload": {
                "psr-4": {
                    "enshrined\\svgSanitize\\": "src"
                }
            },
            "notification-url": "https://packagist.org/downloads/",
            "license": [
                "GPL-2.0-or-later"
            ],
            "authors": [
                {
                    "name": "Daryll Doyle",
                    "email": "daryll@enshrined.co.uk"
                }
            ],
            "description": "An SVG sanitizer for PHP",
            "support": {
                "issues": "https://github.com/darylldoyle/svg-sanitizer/issues",
                "source": "https://github.com/darylldoyle/svg-sanitizer/tree/0.22.0"
            },
            "time": "2025-08-12T10:13:48+00:00"
        },
        {
            "name": "intervention/gif",
            "version": "4.2.4",
            "source": {
                "type": "git",
                "url": "https://github.com/Intervention/gif.git",
                "reference": "c3598a16ebe7690cd55640c44144a9df383ea73c"
            },
            "dist": {
                "type": "zip",
                "url": "https://api.github.com/repos/Intervention/gif/zipball/c3598a16ebe7690cd55640c44144a9df383ea73c",
                "reference": "c3598a16ebe7690cd55640c44144a9df383ea73c",
                "shasum": ""
            },
            "require": {
                "php": "^8.1"
            },
            "require-dev": {
                "phpstan/phpstan": "^2.1",
                "phpunit/phpunit": "^10.0 || ^11.0  || ^12.0",
                "slevomat/coding-standard": "~8.0",
                "squizlabs/php_codesniffer": "^3.8"
            },
            "type": "library",
            "autoload": {
                "psr-4": {
                    "Intervention\\Gif\\": "src"
                }
            },
            "notification-url": "https://packagist.org/downloads/",
            "license": [
                "MIT"
            ],
            "authors": [
                {
                    "name": "Oliver Vogel",
                    "email": "oliver@intervention.io",
                    "homepage": "https://intervention.io/"
                }
            ],
            "description": "Native PHP GIF Encoder/Decoder",
            "homepage": "https://github.com/intervention/gif",
            "keywords": [
                "animation",
                "gd",
                "gif",
                "image"
            ],
            "support": {
                "issues": "https://github.com/Intervention/gif/issues",
                "source": "https://github.com/Intervention/gif/tree/4.2.4"
            },
            "funding": [
                {
                    "url": "https://paypal.me/interventionio",
                    "type": "custom"
                },
                {
                    "url": "https://github.com/Intervention",
                    "type": "github"
                },
                {
                    "url": "https://ko-fi.com/interventionphp",
                    "type": "ko_fi"
                }
            ],
            "time": "2026-01-04T09:27:23+00:00"
        },
        {
            "name": "intervention/image",
            "version": "3.11.7",
            "source": {
                "type": "git",
                "url": "https://github.com/Intervention/image.git",
                "reference": "2159bcccff18f09d2a392679b81a82c5a003f9bb"
            },
            "dist": {
                "type": "zip",
                "url": "https://api.github.com/repos/Intervention/image/zipball/2159bcccff18f09d2a392679b81a82c5a003f9bb",
                "reference": "2159bcccff18f09d2a392679b81a82c5a003f9bb",
                "shasum": ""
            },
            "require": {
                "ext-mbstring": "*",
                "intervention/gif": "^4.2",
                "php": "^8.1"
            },
            "require-dev": {
                "mockery/mockery": "^1.6",
                "phpstan/phpstan": "^2.1",
                "phpunit/phpunit": "^10.0 || ^11.0 || ^12.0",
                "slevomat/coding-standard": "~8.0",
                "squizlabs/php_codesniffer": "^3.8"
            },
            "suggest": {
                "ext-exif": "Recommended to be able to read EXIF data properly."
            },
            "type": "library",
            "autoload": {
                "psr-4": {
                    "Intervention\\Image\\": "src"
                }
            },
            "notification-url": "https://packagist.org/downloads/",
            "license": [
                "MIT"
            ],
            "authors": [
                {
                    "name": "Oliver Vogel",
                    "email": "oliver@intervention.io",
                    "homepage": "https://intervention.io"
                }
            ],
            "description": "PHP Image Processing",
            "homepage": "https://image.intervention.io",
            "keywords": [
                "gd",
                "image",
                "imagick",
                "resize",
                "thumbnail",
                "watermark"
            ],
            "support": {
                "issues": "https://github.com/Intervention/image/issues",
                "source": "https://github.com/Intervention/image/tree/3.11.7"
            },
            "funding": [
                {
                    "url": "https://paypal.me/interventionio",
                    "type": "custom"
                },
                {
                    "url": "https://github.com/Intervention",
                    "type": "github"
                },
                {
                    "url": "https://ko-fi.com/interventionphp",
                    "type": "ko_fi"
                }
            ],
            "time": "2026-02-19T13:11:17+00:00"
        },
        {
            "name": "tecnickcom/tcpdf",
            "version": "6.11.2",
            "source": {
                "type": "git",
                "url": "https://github.com/tecnickcom/TCPDF.git",
                "reference": "e1e2ade18e574e963473f53271591edd8c0033ec"
            },
            "dist": {
                "type": "zip",
                "url": "https://api.github.com/repos/tecnickcom/TCPDF/zipball/e1e2ade18e574e963473f53271591edd8c0033ec",
                "reference": "e1e2ade18e574e963473f53271591edd8c0033ec",
                "shasum": ""
            },
            "require": {
                "ext-curl": "*",
                "php": ">=7.1.0"
            },
            "type": "library",
            "autoload": {
                "classmap": [
                    "config",
                    "include",
                    "tcpdf.php",
                    "tcpdf_barcodes_1d.php",
                    "tcpdf_barcodes_2d.php",
                    "include/tcpdf_colors.php",
                    "include/tcpdf_filters.php",
                    "include/tcpdf_font_data.php",
                    "include/tcpdf_fonts.php",
                    "include/tcpdf_images.php",
                    "include/tcpdf_static.php",
                    "include/barcodes/datamatrix.php",
                    "include/barcodes/pdf417.php",
                    "include/barcodes/qrcode.php"
                ]
            },
            "notification-url": "https://packagist.org/downloads/",
            "license": [
                "LGPL-3.0-or-later"
            ],
            "authors": [
                {
                    "name": "Nicola Asuni",
                    "email": "info@tecnick.com",
                    "role": "lead"
                }
            ],
            "description": "TCPDF is a PHP class for generating PDF documents and barcodes.",
            "homepage": "http://www.tcpdf.org/",
            "keywords": [
                "PDFD32000-2008",
                "TCPDF",
                "barcodes",
                "datamatrix",
                "pdf",
                "pdf417",
                "qrcode"
            ],
            "support": {
                "issues": "https://github.com/tecnickcom/TCPDF/issues",
                "source": "https://github.com/tecnickcom/TCPDF/tree/6.11.2"
            },
            "funding": [
                {
                    "url": "https://www.paypal.com/donate/?hosted_button_id=NZUEC5XS8MFBJ",
                    "type": "custom"
                }
            ],
            "time": "2026-03-03T08:58:10+00:00"
        }
    ],
    "packages-dev": [],
    "aliases": [],
    "minimum-stability": "stable",
    "stability-flags": {},
    "prefer-stable": false,
    "prefer-lowest": false,
    "platform": {
        "php": ">=8.1"
    },
    "platform-dev": {},
    "plugin-api-version": "2.9.0"
}
